
Microsoft Visual Studio Solution File, Format Version 12.00
# Visual Studio Version 16
VisualStudioVersion = 16.0.31005.135
MinimumVisualStudioVersion = 10.0.40219.1
Project("{FAE04EC0-301F-11D3-BF4B-00C04F79EFBC}") = "ParallelProgrammimg_Matrix_Multiplication", "ParallelProgrammimg_Matrix_Multiplication\ParallelProgrammimg_Matrix_Multiplication.csproj", "{C7C0E726-6E3B-4475-8877-E982A9887482}"
EndProject
Global
	GlobalSection(SolutionConfigurationPlatforms) = preSolution
		Debug|Any CPU = Debug|Any CPU
		Release|Any CPU = Release|Any CPU
	EndGlobalSection
	GlobalSection(ProjectConfigurationPlatforms) = postSolution
		{C7C0E726-6E3B-4475-8877-E982A9887482}.Debug|Any CPU.ActiveCfg = Debug|Any CPU
		{C7C0E726-6E3B-4475-8877-E982A9887482}.Debug|Any CPU.Build.0 = Debug|Any CPU
		{C7C0E726-6E3B-4475-8877-E982A9887482}.Release|Any CPU.ActiveCfg = Release|Any CPU
		{C7C0E726-6E3B-4475-8877-E982A9887482}.Release|Any CPU.Build.0 = Release|Any CPU
	EndGlobalSection
	GlobalSection(SolutionProperties) = preSolution
		HideSolutionNode = FALSE
	EndGlobalSection
	GlobalSection(ExtensibilityGlobals) = postSolution
		SolutionGuid = {6DA475A9-ABAE-43F4-92D4-0A039AE1C133}
	EndGlobalSection
EndGlobal
